// !$*UTF8*$!
{
	archiveVersion = 1;
	classes = {
	};
	objectVersion = 77;
	objects = {

/* Begin PBXBuildFile section */
		C441694F2F38F3B100051412 /* SQLiteUndo in Frameworks */ = {isa = PBXBuildFile; productRef = C441694E2F38F3B100051412 /* SQLiteUndo */; };
		C44169512F38F3B100051412 /* SQLiteUndoTCA in Frameworks */ = {isa = PBXBuildFile; productRef = C44169502F38F3B100051412 /* SQLiteUndoTCA */; };
		C45245EF2F3D353800F31BB8 /* SQLiteUndo in Frameworks */ = {isa = PBXBuildFile; productRef = C45245EE2F3D353800F31BB8 /* SQLiteUndo */; };
		C45245F12F3D353800F31BB8 /* SQLiteUndoTCA in Frameworks */ = {isa = PBXBuildFile; productRef = C45245F02F3D353800F31BB8 /* SQLiteUndoTCA */; };
		C4B1976A2F33B52B001EAFC2 /* SQLiteUndo in Frameworks */ = {isa = PBXBuildFile; productRef = C4B197692F33B52B001EAFC2 /* SQLiteUndo */; };
		C4B197712F33B5D9001EAFC2 /* ComposableArchitecture in Frameworks */ = {isa = PBXBuildFile; productRef = C4B197702F33B5D9001EAFC2 /* ComposableArchitecture */; };
		C4B197F02F33C28A001EAFC2 /* SQLiteUndo in Frameworks */ = {isa = PBXBuildFile; productRef = C4B197EF2F33C28A001EAFC2 /* SQLiteUndo */; };
		C4B197F22F33C28A001EAFC2 /* SQLiteUndoTCA in Frameworks */ = {isa = PBXBuildFile; productRef = C4B197F12F33C28A001EAFC2 /* SQLiteUndoTCA */; };
		C4B197F52F33C2B0001EAFC2 /* SQLiteUndo in Frameworks */ = {isa = PBXBuildFile; productRef = C4B197F42F33C2B0001EAFC2 /* SQLiteUndo */; };
		C4B197F72F33C2B0001EAFC2 /* SQLiteUndoTCA in Frameworks */ = {isa = PBXBuildFile; productRef = C4B197F62F33C2B0001EAFC2 /* SQLiteUndoTCA */; };
/* End PBXBuildFile section */

/* Begin PBXFileReference section */
		C4B1975D2F33B502001EAFC2 /* UndoForMacOS.app */ = {isa = PBXFileReference; explicitFileType = wrapper.application; includeInIndex = 0; path = UndoForMacOS.app; sourceTree = BUILT_PRODUCTS_DIR; };
/* End PBXFileReference section */

/* Begin PBXFileSystemSynchronizedRootGroup section */
		C4B1975E2F33B502001EAFC2 /* UndoForMacOS */ = {
			isa = PBXFileSystemSynchronizedRootGroup;
			path = UndoForMacOS;
			sourceTree = "<group>";
		};
/* End PBXFileSystemSynchronizedRootGroup section */

/* Begin PBXFrameworksBuildPhase section */
		C4B1975A2F33B502001EAFC2 /* Frameworks */ = {
			isa = PBXFrameworksBuildPhase;
			buildActionMask = 2147483647;
			files = (
				C441694F2F38F3B100051412 /* SQLiteUndo in Frameworks */,
				C45245EF2F3D353800F31BB8 /* SQLiteUndo in Frameworks */,
				C4B197712F33B5D9001EAFC2 /* ComposableArchitecture in Frameworks */,
				C4B197F22F33C28A001EAFC2 /* SQLiteUndoTCA in Frameworks */,
				C4B197F52F33C2B0001EAFC2 /* SQLiteUndo in Frameworks */,
				C4B197F02F33C28A001EAFC2 /* SQLiteUndo in Frameworks */,
				C44169512F38F3B100051412 /* SQLiteUndoTCA in Frameworks */,
				C45245F12F3D353800F31BB8 /* SQLiteUndoTCA in Frameworks */,
				C4B1976A2F33B52B001EAFC2 /* SQLiteUndo in Frameworks */,
				C4B197F72F33C2B0001EAFC2 /* SQLiteUndoTCA in Frameworks */,
			);
			runOnlyForDeploymentPostprocessing = 0;
		};
/* End PBXFrameworksBuildPhase section */

/* Begin PBXGroup section */
		C4B1973C2F33B4B4001EAFC2 = {
			isa = PBXGroup;
			children = (
				C4B1975E2F33B502001EAFC2 /* UndoForMacOS */,
				C4B197462F33B4B4001EAFC2 /* Products */,
			);
			sourceTree = "<group>";
		};
		C4B197462F33B4B4001EAFC2 /* Products */ = {
			isa = PBXGroup;
			children = (
				C4B1975D2F33B502001EAFC2 /* UndoForMacOS.app */,
			);
			name = Products;
			sourceTree = "<group>";
		};
/* End PBXGroup section */

/* Begin PBXNativeTarget section */
		C4B1975C2F33B502001EAFC2 /* UndoForMacOS */ = {
			isa = PBXNativeTarget;
			buildConfigurationList = C4B197652F33B503001EAFC2 /* Build configuration list for PBXNativeTarget "UndoForMacOS" */;
			buildPhases = (
				C4B197592F33B502001EAFC2 /* Sources */,
				C4B1975A2F33B502001EAFC2 /* Frameworks */,
				C4B1975B2F33B502001EAFC2 /* Resources */,
			);
			buildRules = (
			);
			dependencies = (
			);
			fileSystemSynchronizedGroups = (
				C4B1975E2F33B502001EAFC2 /* UndoForMacOS */,
			);
			name = UndoForMacOS;
			packageProductDependencies = (
				C4B197692F33B52B001EAFC2 /* SQLiteUndo */,
				C4B197702F33B5D9001EAFC2 /* ComposableArchitecture */,
				C4B197EF2F33C28A001EAFC2 /* SQLiteUndo */,
				C4B197F12F33C28A001EAFC2 /* SQLiteUndoTCA */,
				C4B197F42F33C2B0001EAFC2 /* SQLiteUndo */,
				C4B197F62F33C2B0001EAFC2 /* SQLiteUndoTCA */,
				C441694E2F38F3B100051412 /* SQLiteUndo */,
				C44169502F38F3B100051412 /* SQLiteUndoTCA */,
				C45245EE2F3D353800F31BB8 /* SQLiteUndo */,
				C45245F02F3D353800F31BB8 /* SQLiteUndoTCA */,
			);
			productName = UndoForMacOS;
			productReference = C4B1975D2F33B502001EAFC2 /* UndoForMacOS.app */;
			productType = "com.apple.product-type.application";
		};
/* End PBXNativeTarget section */

/* Begin PBXProject section */
		C4B1973D2F33B4B4001EAFC2 /* Project object */ = {
			isa = PBXProject;
			attributes = {
				BuildIndependentTargetsInParallel = 1;
				LastSwiftUpdateCheck = 2620;
				LastUpgradeCheck = 2620;
				TargetAttributes = {
					C4B1975C2F33B502001EAFC2 = {
						CreatedOnToolsVersion = 26.2;
					};
				};
			};
			buildConfigurationList = C4B197402F33B4B4001EAFC2 /* Build configuration list for PBXProject "Examples" */;
			developmentRegion = en;
			hasScannedForEncodings = 0;
			knownRegions = (
				en,
				Base,
			);
			mainGroup = C4B1973C2F33B4B4001EAFC2;
			minimizedProjectReferenceProxies = 1;
			packageReferences = (
				C4B1976F2F33B5D9001EAFC2 /* XCRemoteSwiftPackageReference "swift-composable-architecture" */,
				C45245ED2F3D353800F31BB8 /* XCLocalSwiftPackageReference "../../sqlite-undo" */,
			);
			preferredProjectObjectVersion = 77;
			productRefGroup = C4B197462F33B4B4001EAFC2 /* Products */;
			projectDirPath = "";
			projectRoot = "";
			targets = (
				C4B1975C2F33B502001EAFC2 /* UndoForMacOS */,
			);
		};
/* End PBXProject section */

/* Begin PBXResourcesBuildPhase section */
		C4B1975B2F33B502001EAFC2 /* Resources */ = {
			isa = PBXResourcesBuildPhase;
			buildActionMask = 2147483647;
			files = (
			);
			runOnlyForDeploymentPostprocessing = 0;
		};
/* End PBXResourcesBuildPhase section */

/* Begin PBXSourcesBuildPhase section */
		C4B197592F33B502001EAFC2 /* Sources */ = {
			isa = PBXSourcesBuildPhase;
			buildActionMask = 2147483647;
			files = (
			);
			runOnlyForDeploymentPostprocessing = 0;
		};
/* End PBXSourcesBuildPhase section */

/* Begin XCBuildConfiguration section */
		C4B1974E2F33B4B5001EAFC2 /* Debug */ = {
			isa = XCBuildConfiguration;
			buildSettings = {
				ALWAYS_SEARCH_USER_PATHS = NO;
				ASSETCATALOG_COMPILER_GENERATE_SWIFT_ASSET_SYMBOL_EXTENSIONS = YES;
				CLANG_ANALYZER_NONNULL = YES;
				CLANG_ANALYZER_NUMBER_OBJECT_CONVERSION = YES_AGGRESSIVE;
				CLANG_CXX_LANGUAGE_STANDARD = "gnu++20";
				CLANG_ENABLE_MODULES = YES;
				CLANG_ENABLE_OBJC_ARC = YES;
				CLANG_ENABLE_OBJC_WEAK = YES;
				CLANG_WARN_BLOCK_CAPTURE_AUTORELEASING = YES;
				CLANG_WARN_BOOL_CONVERSION = YES;
				CLANG_WARN_COMMA = YES;
				CLANG_WARN_CONSTANT_CONVERSION = YES;
				CLANG_WARN_DEPRECATED_OBJC_IMPLEMENTATIONS = YES;
				CLANG_WARN_DIRECT_OBJC_ISA_USAGE = YES_ERROR;
				CLANG_WARN_DOCUMENTATION_COMMENTS = YES;
				CLANG_WARN_EMPTY_BODY = YES;
				CLANG_WARN_ENUM_CONVERSION = YES;
				CLANG_WARN_INFINITE_RECURSION = YES;
				CLANG_WARN_INT_CONVERSION = YES;
				CLANG_WARN_NON_LITERAL_NULL_CONVERSION = YES;
				CLANG_WARN_OBJC_IMPLICIT_RETAIN_SELF = YES;
				CLANG_WARN_OBJC_LITERAL_CONVERSION = YES;
				CLANG_WARN_OBJC_ROOT_CLASS = YES_ERROR;
				CLANG_WARN_QUOTED_INCLUDE_IN_FRAMEWORK_HEADER = YES;
				CLANG_WARN_RANGE_LOOP_ANALYSIS = YES;
				CLANG_WARN_STRICT_PROTOTYPES = YES;
				CLANG_WARN_SUSPICIOUS_MOVE = YES;
				CLANG_WARN_UNGUARDED_AVAILABILITY = YES_AGGRESSIVE;
				CLANG_WARN_UNREACHABLE_CODE = YES;
				CLANG_WARN__DUPLICATE_METHOD_MATCH = YES;
				COPY_PHASE_STRIP = NO;
				DEBUG_INFORMATION_FORMAT = dwarf;
				DEVELOPMENT_TEAM = Q776QKQ92Z;
				ENABLE_STRICT_OBJC_MSGSEND = YES;
				ENABLE_TESTABILITY = YES;
				ENABLE_USER_SCRIPT_SANDBOXING = YES;
				GCC_C_LANGUAGE_STANDARD = gnu17;
				GCC_DYNAMIC_NO_PIC = NO;
				GCC_NO_COMMON_BLOCKS = YES;
				GCC_OPTIMIZATION_LEVEL = 0;
				GCC_PREPROCESSOR_DEFINITIONS = (
					"DEBUG=1",
					"$(inherited)",
				);
				GCC_WARN_64_TO_32_BIT_CONVERSION = YES;
				GCC_WARN_ABOUT_RETURN_TYPE = YES_ERROR;
				GCC_WARN_UNDECLARED_SELECTOR = YES;
				GCC_WARN_UNINITIALIZED_AUTOS = YES_AGGRESSIVE;
				GCC_WARN_UNUSED_FUNCTION = YES;
				GCC_WARN_UNUSED_VARIABLE = YES;
				LOCALIZATION_PREFERS_STRING_CATALOGS = YES;
				MTL_ENABLE_DEBUG_INFO = INCLUDE_SOURCE;
				MTL_FAST_MATH = YES;
				ONLY_ACTIVE_ARCH = YES;
				SWIFT_ACTIVE_COMPILATION_CONDITIONS = "DEBUG $(inherited)";
				SWIFT_OPTIMIZATION_LEVEL = "-Onone";
			};
			name = Debug;
		};
		C4B1974F2F33B4B5001EAFC2 /* Release */ = {
			isa = XCBuildConfiguration;
			buildSettings = {
				ALWAYS_SEARCH_USER_PATHS = NO;
				ASSETCATALOG_COMPILER_GENERATE_SWIFT_ASSET_SYMBOL_EXTENSIONS = YES;
				CLANG_ANALYZER_NONNULL = YES;
				CLANG_ANALYZER_NUMBER_OBJECT_CONVERSION = YES_AGGRESSIVE;
				CLANG_CXX_LANGUAGE_STANDARD = "gnu++20";
				CLANG_ENABLE_MODULES = YES;
				CLANG_ENABLE_OBJC_ARC = YES;
				CLANG_ENABLE_OBJC_WEAK = YES;
				CLANG_WARN_BLOCK_CAPTURE_AUTORELEASING = YES;
				CLANG_WARN_BOOL_CONVERSION = YES;
				CLANG_WARN_COMMA = YES;
				CLANG_WARN_CONSTANT_CONVERSION = YES;
				CLANG_WARN_DEPRECATED_OBJC_IMPLEMENTATIONS = YES;
				CLANG_WARN_DIRECT_OBJC_ISA_USAGE = YES_ERROR;
				CLANG_WARN_DOCUMENTATION_COMMENTS = YES;
				CLANG_WARN_EMPTY_BODY = YES;
				CLANG_WARN_ENUM_CONVERSION = YES;
				CLANG_WARN_INFINITE_RECURSION = YES;
				CLANG_WARN_INT_CONVERSION = YES;
				CLANG_WARN_NON_LITERAL_NULL_CONVERSION = YES;
				CLANG_WARN_OBJC_IMPLICIT_RETAIN_SELF = YES;
				CLANG_WARN_OBJC_LITERAL_CONVERSION = YES;
				CLANG_WARN_OBJC_ROOT_CLASS = YES_ERROR;
				CLANG_WARN_QUOTED_INCLUDE_IN_FRAMEWORK_HEADER = YES;
				CLANG_WARN_RANGE_LOOP_ANALYSIS = YES;
				CLANG_WARN_STRICT_PROTOTYPES = YES;
				CLANG_WARN_SUSPICIOUS_MOVE = YES;
				CLANG_WARN_UNGUARDED_AVAILABILITY = YES_AGGRESSIVE;
				CLANG_WARN_UNREACHABLE_CODE = YES;
				CLANG_WARN__DUPLICATE_METHOD_MATCH = YES;
				COPY_PHASE_STRIP = NO;
				DEBUG_INFORMATION_FORMAT = "dwarf-with-dsym";
				DEVELOPMENT_TEAM = Q776QKQ92Z;
				ENABLE_NS_ASSERTIONS = NO;
				ENABLE_STRICT_OBJC_MSGSEND = YES;
				ENABLE_USER_SCRIPT_SANDBOXING = YES;
				GCC_C_LANGUAGE_STANDARD = gnu17;
				GCC_NO_COMMON_BLOCKS = YES;
				GCC_WARN_64_TO_32_BIT_CONVERSION = YES;
				GCC_WARN_ABOUT_RETURN_TYPE = YES_ERROR;
				GCC_WARN_UNDECLARED_SELECTOR = YES;
				GCC_WARN_UNINITIALIZED_AUTOS = YES_AGGRESSIVE;
				GCC_WARN_UNUSED_FUNCTION = YES;
				GCC_WARN_UNUSED_VARIABLE = YES;
				LOCALIZATION_PREFERS_STRING_CATALOGS = YES;
				MTL_ENABLE_DEBUG_INFO = NO;
				MTL_FAST_MATH = YES;
				SWIFT_COMPILATION_MODE = wholemodule;
			};
			name = Release;
		};
		C4B197662F33B503001EAFC2 /* Debug */ = {
			isa = XCBuildConfiguration;
			buildSettings = {
				ASSETCATALOG_COMPILER_APPICON_NAME = AppIcon;
				ASSETCATALOG_COMPILER_GLOBAL_ACCENT_COLOR_NAME = AccentColor;
				CODE_SIGN_STYLE = Automatic;
				COMBINE_HIDPI_IMAGES = YES;
				CURRENT_PROJECT_VERSION = 1;
				DEVELOPMENT_TEAM = Q776QKQ92Z;
				ENABLE_APP_SANDBOX = YES;
				ENABLE_HARDENED_RUNTIME = YES;
				ENABLE_PREVIEWS = YES;
				ENABLE_USER_SELECTED_FILES = readonly;
				GENERATE_INFOPLIST_FILE = YES;
				INFOPLIST_KEY_NSHumanReadableCopyright = "";
				LD_RUNPATH_SEARCH_PATHS = (
					"$(inherited)",
					"@executable_path/../Frameworks",
				);
				MACOSX_DEPLOYMENT_TARGET = 15.7;
				MARKETING_VERSION = 1.0;
				PRODUCT_BUNDLE_IDENTIFIER = co.latentco.UndoForMacOS;
				PRODUCT_NAME = "$(TARGET_NAME)";
				REGISTER_APP_GROUPS = YES;
				SDKROOT = macosx;
				STRING_CATALOG_GENERATE_SYMBOLS = YES;
				SWIFT_APPROACHABLE_CONCURRENCY = YES;
				SWIFT_DEFAULT_ACTOR_ISOLATION = MainActor;
				SWIFT_EMIT_LOC_STRINGS = YES;
				SWIFT_UPCOMING_FEATURE_MEMBER_IMPORT_VISIBILITY = YES;
				SWIFT_VERSION = 5.0;
			};
			name = Debug;
		};
		C4B197672F33B503001EAFC2 /* Release */ = {
			isa = XCBuildConfiguration;
			buildSettings = {
				ASSETCATALOG_COMPILER_APPICON_NAME = AppIcon;
				ASSETCATALOG_COMPILER_GLOBAL_ACCENT_COLOR_NAME = AccentColor;
				CODE_SIGN_STYLE = Automatic;
				COMBINE_HIDPI_IMAGES = YES;
				CURRENT_PROJECT_VERSION = 1;
				DEVELOPMENT_TEAM = Q776QKQ92Z;
				ENABLE_APP_SANDBOX = YES;
				ENABLE_HARDENED_RUNTIME = YES;
				ENABLE_PREVIEWS = YES;
				ENABLE_USER_SELECTED_FILES = readonly;
				GENERATE_INFOPLIST_FILE = YES;
				INFOPLIST_KEY_NSHumanReadableCopyright = "";
				LD_RUNPATH_SEARCH_PATHS = (
					"$(inherited)",
					"@executable_path/../Frameworks",
				);
				MACOSX_DEPLOYMENT_TARGET = 15.7;
				MARKETING_VERSION = 1.0;
				PRODUCT_BUNDLE_IDENTIFIER = co.latentco.UndoForMacOS;
				PRODUCT_NAME = "$(TARGET_NAME)";
				REGISTER_APP_GROUPS = YES;
				SDKROOT = macosx;
				STRING_CATALOG_GENERATE_SYMBOLS = YES;
				SWIFT_APPROACHABLE_CONCURRENCY = YES;
				SWIFT_DEFAULT_ACTOR_ISOLATION = MainActor;
				SWIFT_EMIT_LOC_STRINGS = YES;
				SWIFT_UPCOMING_FEATURE_MEMBER_IMPORT_VISIBILITY = YES;
				SWIFT_VERSION = 5.0;
			};
			name = Release;
		};
/* End XCBuildConfiguration section */

/* Begin XCConfigurationList section */
		C4B197402F33B4B4001EAFC2 /* Build configuration list for PBXProject "Examples" */ = {
			isa = XCConfigurationList;
			buildConfigurations = (
				C4B1974E2F33B4B5001EAFC2 /* Debug */,
				C4B1974F2F33B4B5001EAFC2 /* Release */,
			);
			defaultConfigurationIsVisible = 0;
			defaultConfigurationName = Release;
		};
		C4B197652F33B503001EAFC2 /* Build configuration list for PBXNativeTarget "UndoForMacOS" */ = {
			isa = XCConfigurationList;
			buildConfigurations = (
				C4B197662F33B503001EAFC2 /* Debug */,
				C4B197672F33B503001EAFC2 /* Release */,
			);
			defaultConfigurationIsVisible = 0;
			defaultConfigurationName = Release;
		};
/* End XCConfigurationList section */

/* Begin XCLocalSwiftPackageReference section */
		C45245ED2F3D353800F31BB8 /* XCLocalSwiftPackageReference "../../sqlite-undo" */ = {
			isa = XCLocalSwiftPackageReference;
			relativePath = "../../sqlite-undo";
		};
/* End XCLocalSwiftPackageReference section */

/* Begin XCRemoteSwiftPackageReference section */
		C4B1976F2F33B5D9001EAFC2 /* XCRemoteSwiftPackageReference "swift-composable-architecture" */ = {
			isa = XCRemoteSwiftPackageReference;
			repositoryURL = "https://github.com/pointfreeco/swift-composable-architecture.git";
			requirement = {
				kind = upToNextMajorVersion;
				minimumVersion = 1.23.1;
			};
		};
/* End XCRemoteSwiftPackageReference section */

/* Begin XCSwiftPackageProductDependency section */
		C441694E2F38F3B100051412 /* SQLiteUndo */ = {
			isa = XCSwiftPackageProductDependency;
			productName = SQLiteUndo;
		};
		C44169502F38F3B100051412 /* SQLiteUndoTCA */ = {
			isa = XCSwiftPackageProductDependency;
			productName = SQLiteUndoTCA;
		};
		C45245EE2F3D353800F31BB8 /* SQLiteUndo */ = {
			isa = XCSwiftPackageProductDependency;
			productName = SQLiteUndo;
		};
		C45245F02F3D353800F31BB8 /* SQLiteUndoTCA */ = {
			isa = XCSwiftPackageProductDependency;
			productName = SQLiteUndoTCA;
		};
		C4B197692F33B52B001EAFC2 /* SQLiteUndo */ = {
			isa = XCSwiftPackageProductDependency;
			productName = SQLiteUndo;
		};
		C4B197702F33B5D9001EAFC2 /* ComposableArchitecture */ = {
			isa = XCSwiftPackageProductDependency;
			package = C4B1976F2F33B5D9001EAFC2 /* XCRemoteSwiftPackageReference "swift-composable-architecture" */;
			productName = ComposableArchitecture;
		};
		C4B197EF2F33C28A001EAFC2 /* SQLiteUndo */ = {
			isa = XCSwiftPackageProductDependency;
			package = C4B1976F2F33B5D9001EAFC2 /* XCRemoteSwiftPackageReference "swift-composable-architecture" */;
			productName = SQLiteUndo;
		};
		C4B197F12F33C28A001EAFC2 /* SQLiteUndoTCA */ = {
			isa = XCSwiftPackageProductDependency;
			package = C4B1976F2F33B5D9001EAFC2 /* XCRemoteSwiftPackageReference "swift-composable-architecture" */;
			productName = SQLiteUndoTCA;
		};
		C4B197F42F33C2B0001EAFC2 /* SQLiteUndo */ = {
			isa = XCSwiftPackageProductDependency;
			productName = SQLiteUndo;
		};
		C4B197F62F33C2B0001EAFC2 /* SQLiteUndoTCA */ = {
			isa = XCSwiftPackageProductDependency;
			productName = SQLiteUndoTCA;
		};
/* End XCSwiftPackageProductDependency section */
	};
	rootObject = C4B1973D2F33B4B4001EAFC2 /* Project object */;
}
